# THIS IS AN AUTOGENERATED FILE. DO NOT EDIT THIS FILE DIRECTLY.
# yarn lockfile v1


bson@^1.1.0:
  version "1.1.0"
  resolved "https://spring.jfrog.io/spring/api/npm/npm-red/bson/-/bson-1.1.0.tgz#bee57d1fb6a87713471af4e32bcae36de814b5b0"
  integrity sha1-vuV9H7aodxNHGvTjK8rjbegUtbA=

lodash@4.17.11:
  version "4.17.11"
  resolved "https://spring.jfrog.io/spring/api/npm/npm-red/lodash/-/lodash-4.17.11.tgz#b39ea6229ef607ecd89e2c8df12536891cac9b8d"
  integrity sha1-s56mIp72B+zYniyN8SU2iRysm40=

memory-pager@^1.0.2:
  version "1.5.0"
  resolved "https://spring.jfrog.io/spring/api/npm/npm-red/memory-pager/-/memory-pager-1.5.0.tgz#d8751655d22d384682741c972f2c3d6dfa3e66b5"
  integrity sha1-2HUWVdItOEaCdByXLyw9bfo+ZrU=

mongodb-core@3.1.10:
  version "3.1.10"
  resolved "https://spring.jfrog.io/spring/api/npm/npm-red/mongodb-core/-/mongodb-core-3.1.10.tgz#a9f4839f99b81fe415710f747bb8f016bbdc877d"
  integrity sha1-qfSDn5m4H+QVcQ90e7jwFrvch30=
  dependencies:
    bson "^1.1.0"
    require_optional "^1.0.1"
    safe-buffer "^5.1.2"
  optionalDependencies:
    saslprep "^1.0.0"

mongodb@3.1.11:
  version "3.1.11"
  resolved "https://spring.jfrog.io/spring/api/npm/npm-red/mongodb/-/mongodb-3.1.11.tgz#c33792b25a86436ff79c52327939bac5f7d6a34e"
  integrity sha1-wzeSslqGQ2/3nFIyeTm6xffWo04=
  dependencies:
    mongodb-core "3.1.10"
    safe-buffer "^5.1.2"

require_optional@^1.0.1:
  version "1.0.1"
  resolved "https://spring.jfrog.io/spring/api/npm/npm-red/require_optional/-/require_optional-1.0.1.tgz#4cf35a4247f64ca3df8c2ef208cc494b1ca8fc2e"
  integrity sha1-TPNaQkf2TKPfjC7yCMxJSxyo/C4=
  dependencies:
    resolve-from "^2.0.0"
    semver "^5.1.0"

resolve-from@^2.0.0:
  version "2.0.0"
  resolved "https://spring.jfrog.io/spring/api/npm/npm-red/resolve-from/-/resolve-from-2.0.0.tgz#9480ab20e94ffa1d9e80a804c7ea147611966b57"
  integrity sha1-lICrIOlP+h2egKgEx+oUdhGWa1c=

safe-buffer@^5.1.2:
  version "5.1.2"
  resolved "https://spring.jfrog.io/spring/api/npm/npm-red/safe-buffer/-/safe-buffer-5.1.2.tgz#991ec69d296e0313747d59bdfd2b745c35f8828d"
  integrity sha1-mR7GnSluAxN0fVm9/St0XDX4go0=

saslprep@^1.0.0:
  version "1.0.2"
  resolved "https://spring.jfrog.io/spring/api/npm/npm-red/saslprep/-/saslprep-1.0.2.tgz#da5ab936e6ea0bbae911ffec77534be370c9f52d"
  integrity sha1-2lq5NubqC7rpEf/sd1NL43DJ9S0=
  dependencies:
    sparse-bitfield "^3.0.3"

sax@>=0.6.0:
  version "1.2.4"
  resolved "https://spring.jfrog.io/spring/api/npm/npm-red/sax/-/sax-1.2.4.tgz#2816234e2378bddc4e5354fab5caa895df7100d9"
  integrity sha1-KBYjTiN4vdxOU1T6tcqold9xANk=

semver@^5.1.0:
  version "5.6.0"
  resolved "https://spring.jfrog.io/spring/api/npm/npm-red/semver/-/semver-5.6.0.tgz#7e74256fbaa49c75aa7c7a205cc22799cac80004"
  integrity sha1-fnQlb7qknHWqfHogXMInmcrIAAQ=

sparse-bitfield@^3.0.3:
  version "3.0.3"
  resolved "https://spring.jfrog.io/spring/api/npm/npm-red/sparse-bitfield/-/sparse-bitfield-3.0.3.tgz#ff4ae6e68656056ba4b3e792ab3334d38273ca11"
  integrity sha1-/0rm5oZWBWuks+eSqzM004JzyhE=
  dependencies:
    memory-pager "^1.0.2"

xml2js@0.4.19:
  version "0.4.19"
  resolved "https://spring.jfrog.io/spring/api/npm/npm-red/xml2js/-/xml2js-0.4.19.tgz#686c20f213209e94abf0d1bcf1efaa291c7827a7"
  integrity sha1-aGwg8hMgnpSr8NG88e+qKRx4J6c=
  dependencies:
    sax ">=0.6.0"
    xmlbuilder "~9.0.1"

xmlbuilder@~9.0.1:
  version "9.0.7"
  resolved "https://spring.jfrog.io/spring/api/npm/npm-red/xmlbuilder/-/xmlbuilder-9.0.7.tgz#132ee63d2ec5565c557e20f4c22df9aca686b10d"
  integrity sha1-Ey7mPS7FVlxVfiD0wi35rKaGsQ0=
